
Microsoft Visual Studio Solution File, Format Version 12.00
# Visual Studio 15
Project("{FAE04EC0-301F-11D3-BF4B-00C04F79EFBC}") = "Assembly-CSharp", "Assembly-CSharp.csproj", "{4A9FC596-22CD-3AD7-6EDD-DD68EFA56757}"
EndProject
Project("{FAE04EC0-301F-11D3-BF4B-00C04F79EFBC}") = "Oculus.VR", "Oculus.VR.csproj", "{9324F6F6-51CD-389F-5005-86622AC9E27D}"
EndProject
Project("{FAE04EC0-301F-11D3-BF4B-00C04F79EFBC}") = "Assembly-CSharp-Editor", "Assembly-CSharp-Editor.csproj", "{7B01232D-007D-542F-13BF-F35AEFECF07A}"
EndProject
Project("{FAE04EC0-301F-11D3-BF4B-00C04F79EFBC}") = "Oculus.VR.Scripts.Editor", "Oculus.VR.Scripts.Editor.csproj", "{764EA164-6260-40E5-757D-95B8D5E67CD6}"
EndProject
Project("{FAE04EC0-301F-11D3-BF4B-00C04F79EFBC}") = "Oculus.VR.Editor", "Oculus.VR.Editor.csproj", "{DE71F499-4C34-038A-DE9D-E677D05C9B53}"
EndProject
Global
	GlobalSection(SolutionConfigurationPlatforms) = preSolution
		Debug|Any CPU = Debug|Any CPU
		Release|Any CPU = Release|Any CPU
	EndGlobalSection
	GlobalSection(ProjectConfigurationPlatforms) = postSolution
		{4A9FC596-22CD-3AD7-6EDD-DD68EFA56757}.Debug|Any CPU.ActiveCfg = Debug|Any CPU
		{4A9FC596-22CD-3AD7-6EDD-DD68EFA56757}.Debug|Any CPU.Build.0 = Debug|Any CPU
		{4A9FC596-22CD-3AD7-6EDD-DD68EFA56757}.Release|Any CPU.ActiveCfg = Release|Any CPU
		{4A9FC596-22CD-3AD7-6EDD-DD68EFA56757}.Release|Any CPU.Build.0 = Release|Any CPU
		{9324F6F6-51CD-389F-5005-86622AC9E27D}.Debug|Any CPU.ActiveCfg = Debug|Any CPU
		{9324F6F6-51CD-389F-5005-86622AC9E27D}.Debug|Any CPU.Build.0 = Debug|Any CPU
		{9324F6F6-51CD-389F-5005-86622AC9E27D}.Release|Any CPU.ActiveCfg = Release|Any CPU
		{9324F6F6-51CD-389F-5005-86622AC9E27D}.Release|Any CPU.Build.0 = Release|Any CPU
		{7B01232D-007D-542F-13BF-F35AEFECF07A}.Debug|Any CPU.ActiveCfg = Debug|Any CPU
		{7B01232D-007D-542F-13BF-F35AEFECF07A}.Debug|Any CPU.Build.0 = Debug|Any CPU
		{7B01232D-007D-542F-13BF-F35AEFECF07A}.Release|Any CPU.ActiveCfg = Release|Any CPU
		{7B01232D-007D-542F-13BF-F35AEFECF07A}.Release|Any CPU.Build.0 = Release|Any CPU
		{764EA164-6260-40E5-757D-95B8D5E67CD6}.Debug|Any CPU.ActiveCfg = Debug|Any CPU
		{764EA164-6260-40E5-757D-95B8D5E67CD6}.Debug|Any CPU.Build.0 = Debug|Any CPU
		{764EA164-6260-40E5-757D-95B8D5E67CD6}.Release|Any CPU.ActiveCfg = Release|Any CPU
		{764EA164-6260-40E5-757D-95B8D5E67CD6}.Release|Any CPU.Build.0 = Release|Any CPU
		{DE71F499-4C34-038A-DE9D-E677D05C9B53}.Debug|Any CPU.ActiveCfg = Debug|Any CPU
		{DE71F499-4C34-038A-DE9D-E677D05C9B53}.Debug|Any CPU.Build.0 = Debug|Any CPU
		{DE71F499-4C34-038A-DE9D-E677D05C9B53}.Release|Any CPU.ActiveCfg = Release|Any CPU
		{DE71F499-4C34-038A-DE9D-E677D05C9B53}.Release|Any CPU.Build.0 = Release|Any CPU
	EndGlobalSection
	GlobalSection(SolutionProperties) = preSolution
		HideSolutionNode = FALSE
	EndGlobalSection
EndGlobal
